{
  "name": "site",
  "version": "1.0.0",
  "lockfileVersion": 3,
  "requires": true,
  "packages": {
    "": {
      "name": "site",
      "version": "1.0.0",
      "license": "ISC",
      "dependencies": {
        "katex": "^0.18.4",
        "lxgw-wenkai-screen-webfont": "^1.7.0",
        "marked": "^18.0.11"
      }
    },
    "node_modules/commander": {
      "version": "8.3.0",
      "resolved": "https://registry.npmmirror.com/commander/-/commander-8.3.0.tgz",
      "integrity": "sha512-OkTL9umf+He2DZkUq8f8J9of7yL6RJKI24dVITBmNfZBmri9zYZQrKkuXiKhyfPSu8tUhnVBB1iKXevvnlR4Ww==",
      "license": "MIT",
      "engines": {
        "node": ">= 12"
      }
    },
    "node_modules/katex": {
      "version": "0.18.4",
      "resolved": "https://registry.npmmirror.com/katex/-/katex-0.18.4.tgz",
      "integrity": "sha512-IMPntbRLOU+eu88XDiFKqQ8Akhr9Tv7jDMXqPhjG9SI1JMA4DIgXk4x9k4skJz2NZJXBRbC+2pYBLj9olqcZow==",
      "funding": [
        "https://opencollective.com/katex",
        "https://github.com/sponsors/katex"
      ],
      "license": "MIT",
      "dependencies": {
        "commander": "^8.3.0"
      },
      "bin": {
        "katex": "cli.js"
      }
    },
    "node_modules/lxgw-wenkai-screen-webfont": {
      "version": "1.7.0",
      "resolved": "https://registry.npmmirror.com/lxgw-wenkai-screen-webfont/-/lxgw-wenkai-screen-webfont-1.7.0.tgz",
      "integrity": "sha512-xvfF4V26Mb335xKg3uxljz+V2nq4F5ek0ku9pmyKgT0Dzo/d2rHi7WpnqgvM9mlXAcAKOrxrcDmUZiIs/ZQ9bQ==",
      "license": "MIT"
    },
    "node_modules/marked": {
      "version": "18.0.11",
      "resolved": "https://registry.npmmirror.com/marked/-/marked-18.0.11.tgz",
      "integrity": "sha512-HnslJfsZkRPBDJRHvVtAaWlZHEpSu7u8LgQuJCELjRKuWR+hpq4A7sLq3p8HaI9ypVoXDXxV34CsQJEe1+J5Aw==",
      "license": "MIT",
      "bin": {
        "marked": "bin/marked.js"
      },
      "engines": {
        "node": ">= 20"
      }
    }
  }
}
